
Microsoft Visual Studio Solution File, Format Version 12.00
# Visual Studio 15
VisualStudioVersion = 15.0.28307.168
MinimumVisualStudioVersion = 10.0.40219.1
Project("{FAE04EC0-301F-11D3-BF4B-00C04F79EFBC}") = "TestGravityField", "TestGravityField.csproj", "{8D2BC19A-F4C6-4794-AF52-21030D48D890}"
EndProject
Global
	GlobalSection(SolutionConfigurationPlatforms) = preSolution
		Debug|Any CPU = Debug|Any CPU
		Release|Any CPU = Release|Any CPU
	EndGlobalSection
	GlobalSection(ProjectConfigurationPlatforms) = postSolution
		{8D2BC19A-F4C6-4794-AF52-21030D48D890}.Debug|Any CPU.ActiveCfg = Debug|Any CPU
		{8D2BC19A-F4C6-4794-AF52-21030D48D890}.Debug|Any CPU.Build.0 = Debug|Any CPU
		{8D2BC19A-F4C6-4794-AF52-21030D48D890}.Release|Any CPU.ActiveCfg = Release|Any CPU
		{8D2BC19A-F4C6-4794-AF52-21030D48D890}.Release|Any CPU.Build.0 = Release|Any CPU
	EndGlobalSection
	GlobalSection(SolutionProperties) = preSolution
		HideSolutionNode = FALSE
	EndGlobalSection
	GlobalSection(ExtensibilityGlobals) = postSolution
		SolutionGuid = {59DF77D2-9A63-4EFD-8D56-347E3493BD33}
	EndGlobalSection
EndGlobal
